{
  "lockfileVersion": 1,
  "configVersion": 1,
  "workspaces": {
    "": {
      "name": "my-turborepo",
      "devDependencies": {
        "@biomejs/biome": "2.4.15",
        "turbo": "^2.9.14",
        "typescript": "6.0.3",
      },
    },
    "packages/biome-config": {
      "name": "@renovabit/biome-config",
      "version": "0.0.0",
      "devDependencies": {
        "@biomejs/biome": "^2.4.15",
      },
    },
    "packages/ts-config": {
      "name": "@renovabit/ts-config",
      "version": "0.0.0",
      "devDependencies": {
        "@renovabit/biome-config": "*",
      },
    },
    "packages/ui": {
      "name": "@renovabit/ui",
      "version": "0.0.0",
      "dependencies": {
        "react": "^19.2.0",
        "react-dom": "^19.2.0",
      },
      "devDependencies": {
        "@renovabit/biome-config": "^",
        "@renovabit/ts-config": "*",
        "@types/node": "^22.15.3",
        "@types/react": "19.2.2",
        "@types/react-dom": "19.2.2",
        "typescript": "5.9.2",
      },
    },
  },
  "packages": {
    "@biomejs/biome": ["@biomejs/biome@2.4.15", "", { "optionalDependencies": { "@biomejs/cli-darwin-arm64": "2.4.15", "@biomejs/cli-darwin-x64": "2.4.15", "@biomejs/cli-linux-arm64": "2.4.15", "@biomejs/cli-linux-arm64-musl": "2.4.15", "@biomejs/cli-linux-x64": "2.4.15", "@biomejs/cli-linux-x64-musl": "2.4.15", "@biomejs/cli-win32-arm64": "2.4.15", "@biomejs/cli-win32-x64": "2.4.15" }, "bin": { "biome": "bin/biome" } }, "sha512-j5VH3a/h/HXTKBM50MDMxRCzkeLv9S2XJcW2WgnZT1+xyisi+0bISrXR82gCX+8S9lvK0skEvHJRN+3Ktr2hlw=="],

    "@biomejs/cli-darwin-arm64": ["@biomejs/cli-darwin-arm64@2.4.15", "", { "os": "darwin", "cpu": "arm64" }, "sha512-rF3PPqLq1yoST79zaQbDjVJwsuIeci/O+9bgNmC5QpgOqz6aqYuzA4abyAGx+mgyiDXn4A049xAN8gijbuR1Qg=="],

    "@biomejs/cli-darwin-x64": ["@biomejs/cli-darwin-x64@2.4.15", "", { "os": "darwin", "cpu": "x64" }, "sha512-/5KHXYMfSJs1fNXiX30xFtI8JcCFV6zaVVLxOa0M2sfqBKHkpQhRTv94yxQWxeTY2lzo2OuTlNvPC+hDQt2wcQ=="],

    "@biomejs/cli-linux-arm64": ["@biomejs/cli-linux-arm64@2.4.15", "", { "os": "linux", "cpu": "arm64" }, "sha512-owaAMZD/T4LrD0ELNCk0Km3qrRHuM0X6EAyVE1FSqGY0rbLoiDLrO4Us2tllm6cAeB2Ioa9C2C08NZPdr8+0Ug=="],

    "@biomejs/cli-linux-arm64-musl": ["@biomejs/cli-linux-arm64-musl@2.4.15", "", { "os": "linux", "cpu": "arm64" }, "sha512-ZPcxznxm0pogHBLZhYntyR3sR+MrZjqJIKEr7ZqVen0Rl+P/4upVmfYXjftizi9RoqZntg33fv/1fbdhbYXpEQ=="],

    "@biomejs/cli-linux-x64": ["@biomejs/cli-linux-x64@2.4.15", "", { "os": "linux", "cpu": "x64" }, "sha512-0jj7THz12GbUOLmMibktK6DZjqz2zV64KFxyBtcFTKPiiOIY0a7vns1elpO1dERvxpsZ5ik0oFfz0oGwFde1+g=="],

    "@biomejs/cli-linux-x64-musl": ["@biomejs/cli-linux-x64-musl@2.4.15", "", { "os": "linux", "cpu": "x64" }, "sha512-CNq/9W38SYSH023lfcQ4KKU8K0YX8T//FZUhcgtMMRABDojx5XsMV7jlweAvGSl389wJQB29Qo6Zb/a+jdvt+w=="],

    "@biomejs/cli-win32-arm64": ["@biomejs/cli-win32-arm64@2.4.15", "", { "os": "win32", "cpu": "arm64" }, "sha512-ouhkYdlhp/1GghEJPdWwD/Vi3gQ1nFxuSpMolWsbq3Lsq3QUR4jl6UdhhscdCugKU5vOEuMiJhvKj66O0OCq+w=="],

    "@biomejs/cli-win32-x64": ["@biomejs/cli-win32-x64@2.4.15", "", { "os": "win32", "cpu": "x64" }, "sha512-zBrGq5mx5wwpnow4+2BxUvleDM+GNd4sLbPaMapsSLQLD0NGRCquqPBTgN+7XkUteHvj7M+BstuI8tmnV7+HgQ=="],

    "@renovabit/biome-config": ["@renovabit/biome-config@workspace:packages/biome-config"],

    "@renovabit/ts-config": ["@renovabit/ts-config@workspace:packages/ts-config"],

    "@renovabit/ui": ["@renovabit/ui@workspace:packages/ui"],

    "@turbo/darwin-64": ["@turbo/darwin-64@2.9.14", "", { "os": "darwin", "cpu": "x64" }, "sha512-t7QiPflaEyBE4oayeZtSmu4mEfjgIrcNlNNl1z1dmIVPqEdtA7+CfTf8d7KXsOGPh6aNgWjKxyvQg9uGfDQF+A=="],

    "@turbo/darwin-arm64": ["@turbo/darwin-arm64@2.9.14", "", { "os": "darwin", "cpu": "arm64" }, "sha512-d23147mC9BsCPA9mJ0h/ubcpbRgcJBXbcG3+Vq7YLhjz3IXuvQsJ1UXH8f4MD76ZjJ4m/E4aRdJV+MW88CDfbw=="],

    "@turbo/linux-64": ["@turbo/linux-64@2.9.14", "", { "os": "linux", "cpu": "x64" }, "sha512-P3ZKB5tuUDdDQWuAsACGUR1qv9W7BNWxdxqVJ0kZNuNNPRaVYTPPikLcp79+GiEcW3npsR+KyP38lnQiBc5aSA=="],

    "@turbo/linux-arm64": ["@turbo/linux-arm64@2.9.14", "", { "os": "linux", "cpu": "arm64" }, "sha512-ZRTlzcUMrrPv9ZuDzRF9n60Ym13bKeG9jDB8WjxyLhWNzV+AJQN+zdpIk3NJYf2zQsGUm1mNar2P0elRzLw25g=="],

    "@turbo/windows-64": ["@turbo/windows-64@2.9.14", "", { "os": "win32", "cpu": "x64" }, "sha512-exanwN6sIduZwykYeiTQj8kCmOhazP5WOz3bvXMcYtjhL6Z3iRWLewKrXCBq0bqwSP3iBMb/AerRCnHI4lx46A=="],

    "@turbo/windows-arm64": ["@turbo/windows-arm64@2.9.14", "", { "os": "win32", "cpu": "arm64" }, "sha512-fVdCsnmYoKICsycbWuuGp6Jvi51/3G/UluFWuAUCvR8PIW5IJkAk5BM9UF8PSm0Q2IphWHFZjYEgjHsh3B9y/g=="],

    "@types/node": ["@types/node@22.19.19", "", { "dependencies": { "undici-types": "~6.21.0" } }, "sha512-dyh/xO2Fh5bYrfWaaqGrRQQGkNdmYw6AmaAUvYeUMNTWQtvb796ikLdmTchRmOlOiIJ1TDXfWgVx1QkUlQ6Hew=="],

    "@types/react": ["@types/react@19.2.2", "", { "dependencies": { "csstype": "^3.0.2" } }, "sha512-6mDvHUFSjyT2B2yeNx2nUgMxh9LtOWvkhIU3uePn2I2oyNymUAX1NIsdgviM4CH+JSrp2D2hsMvJOkxY+0wNRA=="],

    "@types/react-dom": ["@types/react-dom@19.2.2", "", { "peerDependencies": { "@types/react": "^19.2.0" } }, "sha512-9KQPoO6mZCi7jcIStSnlOWn2nEF3mNmyr3rIAsGnAbQKYbRLyqmeSc39EVgtxXVia+LMT8j3knZLAZAh+xLmrw=="],

    "csstype": ["csstype@3.2.3", "", {}, "sha512-z1HGKcYy2xA8AGQfwrn0PAy+PB7X/GSj3UVJW9qKyn43xWa+gl5nXmU4qqLMRzWVLFC8KusUX8T/0kCiOYpAIQ=="],

    "react": ["react@19.2.6", "", {}, "sha512-sfWGGfavi0xr8Pg0sVsyHMAOziVYKgPLNrS7ig+ivMNb3wbCBw3KxtflsGBAwD3gYQlE/AEZsTLgToRrSCjb0Q=="],

    "react-dom": ["react-dom@19.2.6", "", { "dependencies": { "scheduler": "^0.27.0" }, "peerDependencies": { "react": "^19.2.6" } }, "sha512-0prMI+hvBbPjsWnxDLxlCGyM8PN6UuWjEUCYmZhO67xIV9Xasa/r/vDnq+Xyq4Lo27g8QSbO5YzARu0D1Sps3g=="],

    "scheduler": ["scheduler@0.27.0", "", {}, "sha512-eNv+WrVbKu1f3vbYJT/xtiF5syA5HPIMtf9IgY/nKg0sWqzAUEvqY/xm7OcZc/qafLx/iO9FgOmeSAp4v5ti/Q=="],

    "turbo": ["turbo@2.9.14", "", { "optionalDependencies": { "@turbo/darwin-64": "2.9.14", "@turbo/darwin-arm64": "2.9.14", "@turbo/linux-64": "2.9.14", "@turbo/linux-arm64": "2.9.14", "@turbo/windows-64": "2.9.14", "@turbo/windows-arm64": "2.9.14" }, "bin": { "turbo": "bin/turbo" } }, "sha512-BQqXRr4UoWI3UPFrtznCLykYHxwxWh53iCB57x092jPMjIlW1wnm3N895g5irpiXmnxUhREBB0n6+y8BHhs4nw=="],

    "typescript": ["typescript@6.0.3", "", { "bin": { "tsc": "bin/tsc", "tsserver": "bin/tsserver" } }, "sha512-y2TvuxSZPDyQakkFRPZHKFm+KKVqIisdg9/CZwm9ftvKXLP8NRWj38/ODjNbr43SsoXqNuAisEf1GdCxqWcdBw=="],

    "undici-types": ["undici-types@6.21.0", "", {}, "sha512-iwDZqg0QAGrg9Rav5H4n0M64c3mkR59cJ6wQp+7C4nI0gsmExaedaYLNO44eT4AtBBwjbTiGPMlt2Md0T9H9JQ=="],

    "@renovabit/ui/typescript": ["typescript@5.9.2", "", { "bin": { "tsc": "bin/tsc", "tsserver": "bin/tsserver" } }, "sha512-CWBzXQrc/qOkhidw1OzBTQuYRbfyxDXJMVJ1XNwUHGROVmuaeiEm3OslpZ1RV96d7SKKjZKrSJu3+t/xlw3R9A=="],
  }
}
